
Microsoft Visual Studio Solution File, Format Version 12.00
# Visual Studio 15
VisualStudioVersion = 15.0.28307.1022
MinimumVisualStudioVersion = 10.0.40219.1
Project("{FAE04EC0-301F-11D3-BF4B-00C04F79EFBC}") = "CS_Step90", "CS_Step90\CS_Step90.csproj", "{FDAF5D5B-C919-4DBF-B9A6-6557AC910585}"
EndProject
Global
	GlobalSection(SolutionConfigurationPlatforms) = preSolution
		Debug|Any CPU = Debug|Any CPU
		Release|Any CPU = Release|Any CPU
	EndGlobalSection
	GlobalSection(ProjectConfigurationPlatforms) = postSolution
		{FDAF5D5B-C919-4DBF-B9A6-6557AC910585}.Debug|Any CPU.ActiveCfg = Debug|Any CPU
		{FDAF5D5B-C919-4DBF-B9A6-6557AC910585}.Debug|Any CPU.Build.0 = Debug|Any CPU
		{FDAF5D5B-C919-4DBF-B9A6-6557AC910585}.Release|Any CPU.ActiveCfg = Release|Any CPU
		{FDAF5D5B-C919-4DBF-B9A6-6557AC910585}.Release|Any CPU.Build.0 = Release|Any CPU
	EndGlobalSection
	GlobalSection(SolutionProperties) = preSolution
		HideSolutionNode = FALSE
	EndGlobalSection
	GlobalSection(ExtensibilityGlobals) = postSolution
		SolutionGuid = {6A19FFF3-24E9-4E89-8EF2-005DC998906B}
	EndGlobalSection
EndGlobal
